
Microsoft Visual Studio Solution File, Format Version 12.00
# Visual Studio 2013
VisualStudioVersion = 12.0.40629.0
MinimumVisualStudioVersion = 10.0.40219.1
Project("{FAE04EC0-301F-11D3-BF4B-00C04F79EFBC}") = "PassengerTraffix", "PassengerTraffix.csproj", "{960C997C-1FAD-4CAB-A6B5-C57ECEDD74E2}"
EndProject
Global
	GlobalSection(SolutionConfigurationPlatforms) = preSolution
		Debug|Any CPU = Debug|Any CPU
		Release|Any CPU = Release|Any CPU
	EndGlobalSection
	GlobalSection(ProjectConfigurationPlatforms) = postSolution
		{960C997C-1FAD-4CAB-A6B5-C57ECEDD74E2}.Debug|Any CPU.ActiveCfg = Debug|Any CPU
		{960C997C-1FAD-4CAB-A6B5-C57ECEDD74E2}.Debug|Any CPU.Build.0 = Debug|Any CPU
		{960C997C-1FAD-4CAB-A6B5-C57ECEDD74E2}.Release|Any CPU.ActiveCfg = Release|Any CPU
		{960C997C-1FAD-4CAB-A6B5-C57ECEDD74E2}.Release|Any CPU.Build.0 = Release|Any CPU
	EndGlobalSection
	GlobalSection(SolutionProperties) = preSolution
		HideSolutionNode = FALSE
	EndGlobalSection
EndGlobal
